
Microsoft Visual Studio Solution File, Format Version 12.00
# Visual Studio Version 16
VisualStudioVersion = 16.0.31205.134
MinimumVisualStudioVersion = 10.0.40219.1
Project("{FAE04EC0-301F-11D3-BF4B-00C04F79EFBC}") = "HashTableApp", "HashTableApp\HashTableApp.csproj", "{72C465C8-A9D0-4D4E-A308-0F021536A027}"
EndProject
Global
	GlobalSection(SolutionConfigurationPlatforms) = preSolution
		Debug|Any CPU = Debug|Any CPU
		Release|Any CPU = Release|Any CPU
	EndGlobalSection
	GlobalSection(ProjectConfigurationPlatforms) = postSolution
		{72C465C8-A9D0-4D4E-A308-0F021536A027}.Debug|Any CPU.ActiveCfg = Debug|Any CPU
		{72C465C8-A9D0-4D4E-A308-0F021536A027}.Debug|Any CPU.Build.0 = Debug|Any CPU
		{72C465C8-A9D0-4D4E-A308-0F021536A027}.Release|Any CPU.ActiveCfg = Release|Any CPU
		{72C465C8-A9D0-4D4E-A308-0F021536A027}.Release|Any CPU.Build.0 = Release|Any CPU
	EndGlobalSection
	GlobalSection(SolutionProperties) = preSolution
		HideSolutionNode = FALSE
	EndGlobalSection
	GlobalSection(ExtensibilityGlobals) = postSolution
		SolutionGuid = {B9E75199-3A9A-41B1-AC93-07552C12EA95}
	EndGlobalSection
EndGlobal
